
Microsoft Visual Studio Solution File, Format Version 12.00
# Visual Studio Version 17
VisualStudioVersion = 17.3.32929.385
MinimumVisualStudioVersion = 10.0.40219.1
Project("{FAE04EC0-301F-11D3-BF4B-00C04F79EFBC}") = "MVC_ASP_NET_DZ", "MVC_ASP_NET_DZ\MVC_ASP_NET_DZ.csproj", "{352744FD-DB64-42C1-AA51-45E672E66984}"
EndProject
Global
	GlobalSection(SolutionConfigurationPlatforms) = preSolution
		Debug|Any CPU = Debug|Any CPU
		Release|Any CPU = Release|Any CPU
	EndGlobalSection
	GlobalSection(ProjectConfigurationPlatforms) = postSolution
		{352744FD-DB64-42C1-AA51-45E672E66984}.Debug|Any CPU.ActiveCfg = Debug|Any CPU
		{352744FD-DB64-42C1-AA51-45E672E66984}.Debug|Any CPU.Build.0 = Debug|Any CPU
		{352744FD-DB64-42C1-AA51-45E672E66984}.Release|Any CPU.ActiveCfg = Release|Any CPU
		{352744FD-DB64-42C1-AA51-45E672E66984}.Release|Any CPU.Build.0 = Release|Any CPU
	EndGlobalSection
	GlobalSection(SolutionProperties) = preSolution
		HideSolutionNode = FALSE
	EndGlobalSection
	GlobalSection(ExtensibilityGlobals) = postSolution
		SolutionGuid = {4E6E1D9D-9C95-4FAD-B4B0-E1DA1FE4B884}
	EndGlobalSection
EndGlobal
